# This file is automatically @generated by Cargo.
# It is not intended for manual editing.
version = 4

[[package]]
name = "consumer"
version = "0.1.0"
dependencies = [
 "foundation",
 "test_helper",
]

[[package]]
name = "foundation"
version = "0.1.0"
dependencies = [
 "test_helper",
]

[[package]]
name = "shared_lib"
version = "0.1.0"

[[package]]
name = "test_helper"
version = "0.1.0"
dependencies = [
 "shared_lib",
]
