# This file is automatically @generated by Cargo.
# It is not intended for manual editing.
version = 4

[[package]]
name = "crate_lib"
version = "0.1.0"

[[package]]
name = "crate_with_tests"
version = "0.1.0"
dependencies = [
 "crate_lib",
]

[[package]]
name = "test_only_crate"
version = "0.1.0"
dependencies = [
 "crate_lib",
]
